lockfileVersion: '9.0'

settings:
  autoInstallPeers: true
  excludeLinksFromLockfile: false

importers:

  .: {}

  app-missing:
    dependencies:
      lib:
        specifier: workspace:*
        version: link:../lib

  app-provided:
    dependencies:
      is-number:
        specifier: ^7.0.0
        version: 7.0.0
      is-positive:
        specifier: ^3.0.0
        version: 3.1.0
      lib:
        specifier: workspace:*
        version: link:../lib

  lib:
    dependencies:
      is-number:
        specifier: ^7.0.0
        version: 7.0.0
      is-positive:
        specifier: ^3.0.0
        version: 3.1.0

packages:

  is-number@7.0.0:
    resolution: {integrity: sha512-41Cifkg6e8TylSpdtTpeLVMqvSBEVzTttHvERD741+pnZ8ANv0004MRL43QKPDlK9cGvNp6NZWZUBlbGXYxxng==}
    engines: {node: '>=0.12.0'}

  is-positive@3.1.0:
    resolution: {integrity: sha512-8ND1j3y9/HP94TOvGzr69/FgbkX2ruOldhLEsTWwcJVfo4oRjwemJmJxt7RJkKYH8tz7vYBP9JcKQY8CLuJ90Q==}
    engines: {node: '>=0.10.0'}

snapshots:

  is-number@7.0.0: {}

  is-positive@3.1.0: {}
