{
  "name": "npm-dev-dependencies-example",
  "lockfileVersion": 3,
  "requires": true,
  "packages": {
    "": {
      "name": "npm-dev-dependencies-example",
      "workspaces": [
        "lib",
        "app"
      ]
    },
    "app": {
      "dependencies": {
        "lib": "*"
      }
    },
    "lib": {
      "dependencies": {
        "is-odd": "^3.0.1"
      },
      "devDependencies": {
        "uuid": "13.0.0"
      }
    },
    "node_modules/app": {
      "resolved": "app",
      "link": true
    },
    "node_modules/is-number": {
      "version": "6.0.0",
      "resolved": "https://registry.npmjs.org/is-number/-/is-number-6.0.0.tgz",
      "integrity": "sha512-Wu1VHeILBK8KAWJUAiSZQX94GmOE45Rg6/538fKwiloUu21KncEkYGPqob2oSZ5mUT73vLGrHQjKw3KMPwfDzg==",
      "license": "MIT",
      "engines": {
        "node": ">=0.10.0"
      }
    },
    "node_modules/is-odd": {
      "version": "3.0.1",
      "resolved": "https://registry.npmjs.org/is-odd/-/is-odd-3.0.1.tgz",
      "integrity": "sha512-CQpnWPrDwmP1+SMHXZhtLtJv90yiyVfluGsX5iNCVkrhQtU3TQHsUWPG9wkdk9Lgd5yNpAg9jQEo90CBaXgWMA==",
      "license": "MIT",
      "dependencies": {
        "is-number": "^6.0.0"
      },
      "engines": {
        "node": ">=4"
      }
    },
    "node_modules/lib": {
      "resolved": "lib",
      "link": true
    },
    "node_modules/uuid": {
      "version": "13.0.0",
      "resolved": "https://registry.npmjs.org/uuid/-/uuid-13.0.0.tgz",
      "integrity": "sha512-XQegIaBTVUjSHliKqcnFqYypAd4S+WCYt5NIeRs6w/UAry7z8Y9j5ZwRRL4kzq9U3sD6v+85er9FvkEaBpji2w==",
      "dev": true,
      "funding": [
        "https://github.com/sponsors/broofa",
        "https://github.com/sponsors/ctavan"
      ],
      "license": "MIT",
      "bin": {
        "uuid": "dist-node/bin/uuid"
      }
    }
  }
}
